
Microsoft Visual Studio Solution File, Format Version 12.00
# Visual Studio Version 16
VisualStudioVersion = 25.0.1704.4
MinimumVisualStudioVersion = 10.0.40219.1
Project("{FAE04EC0-301F-11D3-BF4B-00C04F79EFBC}") = "PathologyApp", "PathologyApp.csproj", "{5AA5055F-B2D0-4FC5-A4B0-17866AEB04F4}"
EndProject
Global
	GlobalSection(SolutionConfigurationPlatforms) = preSolution
		Debug|Any CPU = Debug|Any CPU
		Release|Any CPU = Release|Any CPU
	EndGlobalSection
	GlobalSection(ProjectConfigurationPlatforms) = postSolution
		{5AA5055F-B2D0-4FC5-A4B0-17866AEB04F4}.Debug|Any CPU.ActiveCfg = Debug|Any CPU
		{5AA5055F-B2D0-4FC5-A4B0-17866AEB04F4}.Debug|Any CPU.Build.0 = Debug|Any CPU
		{5AA5055F-B2D0-4FC5-A4B0-17866AEB04F4}.Release|Any CPU.ActiveCfg = Release|Any CPU
		{5AA5055F-B2D0-4FC5-A4B0-17866AEB04F4}.Release|Any CPU.Build.0 = Release|Any CPU
	EndGlobalSection
	GlobalSection(SolutionProperties) = preSolution
		HideSolutionNode = FALSE
	EndGlobalSection
	GlobalSection(ExtensibilityGlobals) = postSolution
		SolutionGuid = {6CF53F33-2E25-482E-993C-DFB7B6D2670E}
	EndGlobalSection
EndGlobal
